
Microsoft Visual Studio Solution File, Format Version 12.00
# Visual Studio Version 16
VisualStudioVersion = 16.0.30002.166
MinimumVisualStudioVersion = 10.0.40219.1
Project("{FAE04EC0-301F-11D3-BF4B-00C04F79EFBC}") = "angulartest", "angulartest\angulartest.csproj", "{F167D30F-8BC8-4EF7-9B41-3AD487DBD150}"
EndProject
Global
	GlobalSection(SolutionConfigurationPlatforms) = preSolution
		Debug|Any CPU = Debug|Any CPU
		Release|Any CPU = Release|Any CPU
	EndGlobalSection
	GlobalSection(ProjectConfigurationPlatforms) = postSolution
		{F167D30F-8BC8-4EF7-9B41-3AD487DBD150}.Debug|Any CPU.ActiveCfg = Debug|Any CPU
		{F167D30F-8BC8-4EF7-9B41-3AD487DBD150}.Debug|Any CPU.Build.0 = Debug|Any CPU
		{F167D30F-8BC8-4EF7-9B41-3AD487DBD150}.Release|Any CPU.ActiveCfg = Release|Any CPU
		{F167D30F-8BC8-4EF7-9B41-3AD487DBD150}.Release|Any CPU.Build.0 = Release|Any CPU
	EndGlobalSection
	GlobalSection(SolutionProperties) = preSolution
		HideSolutionNode = FALSE
	EndGlobalSection
	GlobalSection(ExtensibilityGlobals) = postSolution
		SolutionGuid = {34B71C84-6561-41AC-B3C9-BEED24D2DD91}
	EndGlobalSection
EndGlobal
